<Solution>
  <Configurations>
    <Platform Name="Any CPU" />
    <Platform Name="x86" />
    <Platform Name="x64" />
    <Config Name="Debug" Platform="Any CPU" />
    <Config Name="Release" Platform="Any CPU" />
    <Config Name="Debug" Platform="x86" />
    <Config Name="Release" Platform="x86" />
    <Config Name="Debug" Platform="x64" />
    <Config Name="Release" Platform="x64" />
  </Configurations>
  <Project Path="src/Iwesun.Runtime.Web/Iwesun.Runtime.Web.csproj">
    <Platform Solution="*|Any CPU" Project="AnyCPU" />
    <Platform Solution="*|x86" Project="x86" />
    <Platform Solution="*|x64" Project="x64" />
  </Project>
  <Project Path="src/Iwesun.Runtime.Web.WinUI/Iwesun.Runtime.Web.WinUI.csproj">
    <Platform Solution="*|Any CPU" Project="x64" />
    <Platform Solution="*|x86" Project="x64" />
    <Platform Solution="*|x64" Project="x64" />
  </Project>
  <Project Path="tests/Iwesun.Runtime.Web.Tests/Iwesun.Runtime.Web.Tests.csproj">
    <Platform Solution="*|Any CPU" Project="AnyCPU" />
    <Platform Solution="*|x86" Project="x86" />
    <Platform Solution="*|x64" Project="x64" />
  </Project>
  <Project Path="tests/Iwesun.Runtime.Web.WinUI.Tests/Iwesun.Runtime.Web.WinUI.Tests.csproj">
    <Platform Solution="*|Any CPU" Project="x64" />
    <Platform Solution="*|x86" Project="x64" />
    <Platform Solution="*|x64" Project="x64" />
  </Project>
  <Project Path="../WebView2/src/Iwesun.Runtime.WebView2/Iwesun.Runtime.WebView2.csproj">
    <Platform Solution="*|Any CPU" Project="AnyCPU" />
    <Platform Solution="*|x86" Project="x86" />
    <Platform Solution="*|x64" Project="x64" />
  </Project>
  <Project Path="../Data/src/Iwesun.Runtime.Data/Iwesun.Runtime.Data.csproj">
    <Platform Solution="*|Any CPU" Project="AnyCPU" />
    <Platform Solution="*|x86" Project="x86" />
    <Platform Solution="*|x64" Project="x64" />
  </Project>
  <Project Path="../Diagnostics/src/Iwesun.Runtime.Diagnostics/Iwesun.Runtime.Diagnostics.csproj">
    <Platform Solution="*|Any CPU" Project="AnyCPU" />
    <Platform Solution="*|x86" Project="x86" />
    <Platform Solution="*|x64" Project="x64" />
  </Project>
</Solution>
