<Solution>
  <Configurations>
    <Platform Name="Any CPU" />
    <Platform Name="x86" />
    <Platform Name="x64" />
    <Config Name="Debug" Platform="Any CPU" />
    <Config Name="Release" Platform="Any CPU" />
    <Config Name="Debug" Platform="x86" />
    <Config Name="Release" Platform="x86" />
    <Config Name="Debug" Platform="x64" />
    <Config Name="Release" Platform="x64" />
  </Configurations>
  <Project Path="src/Iwesun.Runtime.Networks/Iwesun.Runtime.Networks.csproj">
    <Platform Solution="*|Any CPU" Project="AnyCPU" />
    <Platform Solution="*|x86" Project="x86" />
    <Platform Solution="*|x64" Project="x64" />
  </Project>
  <Project Path="tests/Iwesun.Runtime.Networks.Tests/Iwesun.Runtime.Networks.Tests.csproj">
    <Platform Solution="*|Any CPU" Project="AnyCPU" />
    <Platform Solution="*|x86" Project="x86" />
    <Platform Solution="*|x64" Project="x64" />
  </Project>
  <Project Path="samples/Iwesun.Runtime.Networks.Examples/Iwesun.Runtime.Networks.Examples.csproj">
    <Platform Solution="*|Any CPU" Project="AnyCPU" />
    <Platform Solution="*|x86" Project="x86" />
    <Platform Solution="*|x64" Project="x64" />
  </Project>
  <Project Path="validation/Iwesun.Runtime.Networks.WfpValidation/Iwesun.Runtime.Networks.WfpValidation.csproj">
    <Platform Solution="*|Any CPU" Project="AnyCPU" />
    <Platform Solution="*|x86" Project="x86" />
    <Platform Solution="*|x64" Project="x64" />
  </Project>
  <Project Path="validation/Iwesun.Runtime.Networks.UdpBetaValidation/Iwesun.Runtime.Networks.UdpBetaValidation.csproj">
    <Platform Solution="*|Any CPU" Project="AnyCPU" />
    <Platform Solution="*|x86" Project="x86" />
    <Platform Solution="*|x64" Project="x64" />
  </Project>
  <Project Path="validation/Iwesun.Runtime.Networks.PingBetaValidation/Iwesun.Runtime.Networks.PingBetaValidation.csproj">
    <Platform Solution="*|Any CPU" Project="AnyCPU" />
    <Platform Solution="*|x86" Project="x86" />
    <Platform Solution="*|x64" Project="x64" />
  </Project>
</Solution>
